// !$*UTF8*$!
{
	archiveVersion = 1;
	classes = {
	};
	objectVersion = 56;
	objects = {

/* Begin PBXBuildFile section */
		7692FB822C18B4DC00FD8601 /* SecuredNotesApp.swift in Sources */ = {isa = PBXBuildFile; fileRef = 7692FB812C18B4DC00FD8601 /* SecuredNotesApp.swift */; };
		7692FB862C18B4DE00FD8601 /* Assets.xcassets in Resources */ = {isa = PBXBuildFile; fileRef = 7692FB852C18B4DE00FD8601 /* Assets.xcassets */; };
		7692FB892C18B4DE00FD8601 /* Preview Assets.xcassets in Resources */ = {isa = PBXBuildFile; fileRef = 7692FB882C18B4DE00FD8601 /* Preview Assets.xcassets */; };
		7692FB8B2C18B4DE00FD8601 /* Persistence.swift in Sources */ = {isa = PBXBuildFile; fileRef = 7692FB8A2C18B4DE00FD8601 /* Persistence.swift */; };
		7692FB8E2C18B4DE00FD8601 /* SecuredNoteV1.xcdatamodeld in Sources */ = {isa = PBXBuildFile; fileRef = 7692FB8C2C18B4DE00FD8601 /* SecuredNoteV1.xcdatamodeld */; };
		7692FB982C18B4DE00FD8601 /* SecuredNoteTests.swift in Sources */ = {isa = PBXBuildFile; fileRef = 7692FB972C18B4DE00FD8601 /* SecuredNoteTests.swift */; };
		7692FBA22C18B4DE00FD8601 /* SecuredNoteUITests.swift in Sources */ = {isa = PBXBuildFile; fileRef = 7692FBA12C18B4DE00FD8601 /* SecuredNoteUITests.swift */; };
		7692FBA42C18B4DE00FD8601 /* SecuredNoteUITestsLaunchTests.swift in Sources */ = {isa = PBXBuildFile; fileRef = 7692FBA32C18B4DE00FD8601 /* SecuredNoteUITestsLaunchTests.swift */; };
		7692FBC22C19B95E00FD8601 /* BioMetricSecurityViewModel.swift in Sources */ = {isa = PBXBuildFile; fileRef = 7692FBBE2C19B95E00FD8601 /* BioMetricSecurityViewModel.swift */; };
		7692FBC32C19B95E00FD8601 /* NoteDetailViewModel.swift in Sources */ = {isa = PBXBuildFile; fileRef = 7692FBBF2C19B95E00FD8601 /* NoteDetailViewModel.swift */; };
		7692FBC42C19B95E00FD8601 /* NotesMainViewModel.swift in Sources */ = {isa = PBXBuildFile; fileRef = 7692FBC02C19B95E00FD8601 /* NotesMainViewModel.swift */; };
		7692FBC72C19BC0100FD8601 /* Note.swift in Sources */ = {isa = PBXBuildFile; fileRef = 7692FBC62C19BC0100FD8601 /* Note.swift */; };
		7692FBCF2C1A931600FD8601 /* NoteDetailUIView.swift in Sources */ = {isa = PBXBuildFile; fileRef = 7692FBCD2C1A931600FD8601 /* NoteDetailUIView.swift */; };
		7692FBD32C1A933E00FD8601 /* NotesMainView.swift in Sources */ = {isa = PBXBuildFile; fileRef = 7692FBD12C1A933E00FD8601 /* NotesMainView.swift */; };
		7692FBD42C1A933E00FD8601 /* BioMetricSecurityUIView.swift in Sources */ = {isa = PBXBuildFile; fileRef = 7692FBD22C1A933E00FD8601 /* BioMetricSecurityUIView.swift */; };
		7692FBD72C1C44F500FD8601 /* AppCoordinator.swift in Sources */ = {isa = PBXBuildFile; fileRef = 7692FBD62C1C44F500FD8601 /* AppCoordinator.swift */; };
		7692FBD92C1C4C6600FD8601 /* NotesCoordinator.swift in Sources */ = {isa = PBXBuildFile; fileRef = 7692FBD82C1C4C6600FD8601 /* NotesCoordinator.swift */; };
/* End PBXBuildFile section */

/* Begin PBXContainerItemProxy section */
		7692FB942C18B4DE00FD8601 /* PBXContainerItemProxy */ = {
			isa = PBXContainerItemProxy;
			containerPortal = 7692FB762C18B4DC00FD8601 /* Project object */;
			proxyType = 1;
			remoteGlobalIDString = 7692FB7D2C18B4DC00FD8601;
			remoteInfo = SecuredNote;
		};
		7692FB9E2C18B4DE00FD8601 /* PBXContainerItemProxy */ = {
			isa = PBXContainerItemProxy;
			containerPortal = 7692FB762C18B4DC00FD8601 /* Project object */;
			proxyType = 1;
			remoteGlobalIDString = 7692FB7D2C18B4DC00FD8601;
			remoteInfo = SecuredNote;
		};
/* End PBXContainerItemProxy section */

/* Begin PBXFileReference section */
		7692FB7E2C18B4DC00FD8601 /* SecuredNotes.app */ = {isa = PBXFileReference; explicitFileType = wrapper.application; includeInIndex = 0; path = SecuredNotes.app; sourceTree = BUILT_PRODUCTS_DIR; };
		7692FB812C18B4DC00FD8601 /* SecuredNotesApp.swift */ = {isa = PBXFileReference; lastKnownFileType = sourcecode.swift; path = SecuredNotesApp.swift; sourceTree = "<group>"; };
		7692FB852C18B4DE00FD8601 /* Assets.xcassets */ = {isa = PBXFileReference; lastKnownFileType = folder.assetcatalog; path = Assets.xcassets; sourceTree = "<group>"; };
		7692FB882C18B4DE00FD8601 /* Preview Assets.xcassets */ = {isa = PBXFileReference; lastKnownFileType = folder.assetcatalog; path = "Preview Assets.xcassets"; sourceTree = "<group>"; };
		7692FB8A2C18B4DE00FD8601 /* Persistence.swift */ = {isa = PBXFileReference; lastKnownFileType = sourcecode.swift; path = Persistence.swift; sourceTree = "<group>"; };
		7692FB8D2C18B4DE00FD8601 /* SecuredNote.xcdatamodel */ = {isa = PBXFileReference; lastKnownFileType = wrapper.xcdatamodel; path = SecuredNote.xcdatamodel; sourceTree = "<group>"; };
		7692FB932C18B4DE00FD8601 /* SecuredNotesTests.xctest */ = {isa = PBXFileReference; explicitFileType = wrapper.cfbundle; includeInIndex = 0; path = SecuredNotesTests.xctest; sourceTree = BUILT_PRODUCTS_DIR; };
		7692FB972C18B4DE00FD8601 /* SecuredNoteTests.swift */ = {isa = PBXFileReference; lastKnownFileType = sourcecode.swift; path = SecuredNoteTests.swift; sourceTree = "<group>"; };
		7692FB9D2C18B4DE00FD8601 /* SecuredNotesUITests.xctest */ = {isa = PBXFileReference; explicitFileType = wrapper.cfbundle; includeInIndex = 0; path = SecuredNotesUITests.xctest; sourceTree = BUILT_PRODUCTS_DIR; };
		7692FBA12C18B4DE00FD8601 /* SecuredNoteUITests.swift */ = {isa = PBXFileReference; lastKnownFileType = sourcecode.swift; path = SecuredNoteUITests.swift; sourceTree = "<group>"; };
		7692FBA32C18B4DE00FD8601 /* SecuredNoteUITestsLaunchTests.swift */ = {isa = PBXFileReference; lastKnownFileType = sourcecode.swift; path = SecuredNoteUITestsLaunchTests.swift; sourceTree = "<group>"; };
		7692FBBE2C19B95E00FD8601 /* BioMetricSecurityViewModel.swift */ = {isa = PBXFileReference; fileEncoding = 4; lastKnownFileType = sourcecode.swift; path = BioMetricSecurityViewModel.swift; sourceTree = "<group>"; };
		7692FBBF2C19B95E00FD8601 /* NoteDetailViewModel.swift */ = {isa = PBXFileReference; fileEncoding = 4; lastKnownFileType = sourcecode.swift; path = NoteDetailViewModel.swift; sourceTree = "<group>"; };
		7692FBC02C19B95E00FD8601 /* NotesMainViewModel.swift */ = {isa = PBXFileReference; fileEncoding = 4; lastKnownFileType = sourcecode.swift; path = NotesMainViewModel.swift; sourceTree = "<group>"; };
		7692FBC62C19BC0100FD8601 /* Note.swift */ = {isa = PBXFileReference; lastKnownFileType = sourcecode.swift; path = Note.swift; sourceTree = "<group>"; };
		7692FBCD2C1A931600FD8601 /* NoteDetailUIView.swift */ = {isa = PBXFileReference; fileEncoding = 4; lastKnownFileType = sourcecode.swift; path = NoteDetailUIView.swift; sourceTree = "<group>"; };
		7692FBD12C1A933E00FD8601 /* NotesMainView.swift */ = {isa = PBXFileReference; fileEncoding = 4; lastKnownFileType = sourcecode.swift; path = NotesMainView.swift; sourceTree = "<group>"; };
		7692FBD22C1A933E00FD8601 /* BioMetricSecurityUIView.swift */ = {isa = PBXFileReference; fileEncoding = 4; lastKnownFileType = sourcecode.swift; path = BioMetricSecurityUIView.swift; sourceTree = "<group>"; };
		7692FBD62C1C44F500FD8601 /* AppCoordinator.swift */ = {isa = PBXFileReference; lastKnownFileType = sourcecode.swift; path = AppCoordinator.swift; sourceTree = "<group>"; };
		7692FBD82C1C4C6600FD8601 /* NotesCoordinator.swift */ = {isa = PBXFileReference; lastKnownFileType = sourcecode.swift; path = NotesCoordinator.swift; sourceTree = "<group>"; };
/* End PBXFileReference section */

/* Begin PBXFrameworksBuildPhase section */
		7692FB7B2C18B4DC00FD8601 /* Frameworks */ = {
			isa = PBXFrameworksBuildPhase;
			buildActionMask = 2147483647;
			files = (
			);
			runOnlyForDeploymentPostprocessing = 0;
		};
		7692FB902C18B4DE00FD8601 /* Frameworks */ = {
			isa = PBXFrameworksBuildPhase;
			buildActionMask = 2147483647;
			files = (
			);
			runOnlyForDeploymentPostprocessing = 0;
		};
		7692FB9A2C18B4DE00FD8601 /* Frameworks */ = {
			isa = PBXFrameworksBuildPhase;
			buildActionMask = 2147483647;
			files = (
			);
			runOnlyForDeploymentPostprocessing = 0;
		};
/* End PBXFrameworksBuildPhase section */

/* Begin PBXGroup section */
		7692FB752C18B4DC00FD8601 = {
			isa = PBXGroup;
			children = (
				7692FB802C18B4DC00FD8601 /* SecuredNote */,
				7692FB962C18B4DE00FD8601 /* SecuredNoteTests */,
				7692FBA02C18B4DE00FD8601 /* SecuredNoteUITests */,
				7692FB7F2C18B4DC00FD8601 /* Products */,
			);
			sourceTree = "<group>";
		};
		7692FB7F2C18B4DC00FD8601 /* Products */ = {
			isa = PBXGroup;
			children = (
				7692FB7E2C18B4DC00FD8601 /* SecuredNotes.app */,
				7692FB932C18B4DE00FD8601 /* SecuredNotesTests.xctest */,
				7692FB9D2C18B4DE00FD8601 /* SecuredNotesUITests.xctest */,
			);
			name = Products;
			sourceTree = "<group>";
		};
		7692FB802C18B4DC00FD8601 /* SecuredNote */ = {
			isa = PBXGroup;
			children = (
				7692FBD52C1C44D700FD8601 /* Coordinator */,
				7692FBCC2C1A92CA00FD8601 /* UIViews */,
				7692FBC52C19BA3F00FD8601 /* BusinessLogic */,
				7692FBC12C19B95E00FD8601 /* ViewModels */,
				7692FB812C18B4DC00FD8601 /* SecuredNotesApp.swift */,
				7692FB852C18B4DE00FD8601 /* Assets.xcassets */,
				7692FB8C2C18B4DE00FD8601 /* SecuredNoteV1.xcdatamodeld */,
				7692FB872C18B4DE00FD8601 /* Preview Content */,
			);
			path = SecuredNote;
			sourceTree = "<group>";
		};
		7692FB872C18B4DE00FD8601 /* Preview Content */ = {
			isa = PBXGroup;
			children = (
				7692FB882C18B4DE00FD8601 /* Preview Assets.xcassets */,
			);
			path = "Preview Content";
			sourceTree = "<group>";
		};
		7692FB962C18B4DE00FD8601 /* SecuredNoteTests */ = {
			isa = PBXGroup;
			children = (
				7692FB972C18B4DE00FD8601 /* SecuredNoteTests.swift */,
			);
			path = SecuredNoteTests;
			sourceTree = "<group>";
		};
		7692FBA02C18B4DE00FD8601 /* SecuredNoteUITests */ = {
			isa = PBXGroup;
			children = (
				7692FBA12C18B4DE00FD8601 /* SecuredNoteUITests.swift */,
				7692FBA32C18B4DE00FD8601 /* SecuredNoteUITestsLaunchTests.swift */,
			);
			path = SecuredNoteUITests;
			sourceTree = "<group>";
		};
		7692FBC12C19B95E00FD8601 /* ViewModels */ = {
			isa = PBXGroup;
			children = (
				7692FBC62C19BC0100FD8601 /* Note.swift */,
				7692FBBE2C19B95E00FD8601 /* BioMetricSecurityViewModel.swift */,
				7692FBBF2C19B95E00FD8601 /* NoteDetailViewModel.swift */,
				7692FBC02C19B95E00FD8601 /* NotesMainViewModel.swift */,
			);
			path = ViewModels;
			sourceTree = "<group>";
		};
		7692FBC52C19BA3F00FD8601 /* BusinessLogic */ = {
			isa = PBXGroup;
			children = (
				7692FB8A2C18B4DE00FD8601 /* Persistence.swift */,
			);
			path = BusinessLogic;
			sourceTree = "<group>";
		};
		7692FBCC2C1A92CA00FD8601 /* UIViews */ = {
			isa = PBXGroup;
			children = (
				7692FBD22C1A933E00FD8601 /* BioMetricSecurityUIView.swift */,
				7692FBD12C1A933E00FD8601 /* NotesMainView.swift */,
				7692FBCD2C1A931600FD8601 /* NoteDetailUIView.swift */,
			);
			path = UIViews;
			sourceTree = "<group>";
		};
		7692FBD52C1C44D700FD8601 /* Coordinator */ = {
			isa = PBXGroup;
			children = (
				7692FBD62C1C44F500FD8601 /* AppCoordinator.swift */,
				7692FBD82C1C4C6600FD8601 /* NotesCoordinator.swift */,
			);
			path = Coordinator;
			sourceTree = "<group>";
		};
/* End PBXGroup section */

/* Begin PBXNativeTarget section */
		7692FB7D2C18B4DC00FD8601 /* SecuredNotes */ = {
			isa = PBXNativeTarget;
			buildConfigurationList = 7692FBA72C18B4DE00FD8601 /* Build configuration list for PBXNativeTarget "SecuredNotes" */;
			buildPhases = (
				7692FB7A2C18B4DC00FD8601 /* Sources */,
				7692FB7B2C18B4DC00FD8601 /* Frameworks */,
				7692FB7C2C18B4DC00FD8601 /* Resources */,
			);
			buildRules = (
			);
			dependencies = (
			);
			name = SecuredNotes;
			productName = SecuredNote;
			productReference = 7692FB7E2C18B4DC00FD8601 /* SecuredNotes.app */;
			productType = "com.apple.product-type.application";
		};
		7692FB922C18B4DE00FD8601 /* SecuredNotesTests */ = {
			isa = PBXNativeTarget;
			buildConfigurationList = 7692FBAA2C18B4DE00FD8601 /* Build configuration list for PBXNativeTarget "SecuredNotesTests" */;
			buildPhases = (
				7692FB8F2C18B4DE00FD8601 /* Sources */,
				7692FB902C18B4DE00FD8601 /* Frameworks */,
				7692FB912C18B4DE00FD8601 /* Resources */,
			);
			buildRules = (
			);
			dependencies = (
				7692FB952C18B4DE00FD8601 /* PBXTargetDependency */,
			);
			name = SecuredNotesTests;
			productName = SecuredNoteTests;
			productReference = 7692FB932C18B4DE00FD8601 /* SecuredNotesTests.xctest */;
			productType = "com.apple.product-type.bundle.unit-test";
		};
		7692FB9C2C18B4DE00FD8601 /* SecuredNotesUITests */ = {
			isa = PBXNativeTarget;
			buildConfigurationList = 7692FBAD2C18B4DE00FD8601 /* Build configuration list for PBXNativeTarget "SecuredNotesUITests" */;
			buildPhases = (
				7692FB992C18B4DE00FD8601 /* Sources */,
				7692FB9A2C18B4DE00FD8601 /* Frameworks */,
				7692FB9B2C18B4DE00FD8601 /* Resources */,
			);
			buildRules = (
			);
			dependencies = (
				7692FB9F2C18B4DE00FD8601 /* PBXTargetDependency */,
			);
			name = SecuredNotesUITests;
			productName = SecuredNoteUITests;
			productReference = 7692FB9D2C18B4DE00FD8601 /* SecuredNotesUITests.xctest */;
			productType = "com.apple.product-type.bundle.ui-testing";
		};
/* End PBXNativeTarget section */

/* Begin PBXProject section */
		7692FB762C18B4DC00FD8601 /* Project object */ = {
			isa = PBXProject;
			attributes = {
				BuildIndependentTargetsInParallel = 1;
				LastSwiftUpdateCheck = 1530;
				LastUpgradeCheck = 1530;
				TargetAttributes = {
					7692FB7D2C18B4DC00FD8601 = {
						CreatedOnToolsVersion = 15.3;
					};
					7692FB922C18B4DE00FD8601 = {
						CreatedOnToolsVersion = 15.3;
						TestTargetID = 7692FB7D2C18B4DC00FD8601;
					};
					7692FB9C2C18B4DE00FD8601 = {
						CreatedOnToolsVersion = 15.3;
						TestTargetID = 7692FB7D2C18B4DC00FD8601;
					};
				};
			};
			buildConfigurationList = 7692FB792C18B4DC00FD8601 /* Build configuration list for PBXProject "SecuredNote" */;
			compatibilityVersion = "Xcode 14.0";
			developmentRegion = en;
			hasScannedForEncodings = 0;
			knownRegions = (
				en,
				Base,
			);
			mainGroup = 7692FB752C18B4DC00FD8601;
			productRefGroup = 7692FB7F2C18B4DC00FD8601 /* Products */;
			projectDirPath = "";
			projectRoot = "";
			targets = (
				7692FB7D2C18B4DC00FD8601 /* SecuredNotes */,
				7692FB922C18B4DE00FD8601 /* SecuredNotesTests */,
				7692FB9C2C18B4DE00FD8601 /* SecuredNotesUITests */,
			);
		};
/* End PBXProject section */

/* Begin PBXResourcesBuildPhase section */
		7692FB7C2C18B4DC00FD8601 /* Resources */ = {
			isa = PBXResourcesBuildPhase;
			buildActionMask = 2147483647;
			files = (
				7692FB892C18B4DE00FD8601 /* Preview Assets.xcassets in Resources */,
				7692FB862C18B4DE00FD8601 /* Assets.xcassets in Resources */,
			);
			runOnlyForDeploymentPostprocessing = 0;
		};
		7692FB912C18B4DE00FD8601 /* Resources */ = {
			isa = PBXResourcesBuildPhase;
			buildActionMask = 2147483647;
			files = (
			);
			runOnlyForDeploymentPostprocessing = 0;
		};
		7692FB9B2C18B4DE00FD8601 /* Resources */ = {
			isa = PBXResourcesBuildPhase;
			buildActionMask = 2147483647;
			files = (
			);
			runOnlyForDeploymentPostprocessing = 0;
		};
/* End PBXResourcesBuildPhase section */

/* Begin PBXSourcesBuildPhase section */
		7692FB7A2C18B4DC00FD8601 /* Sources */ = {
			isa = PBXSourcesBuildPhase;
			buildActionMask = 2147483647;
			files = (
				7692FBD72C1C44F500FD8601 /* AppCoordinator.swift in Sources */,
				7692FB8B2C18B4DE00FD8601 /* Persistence.swift in Sources */,
				7692FBD32C1A933E00FD8601 /* NotesMainView.swift in Sources */,
				7692FB8E2C18B4DE00FD8601 /* SecuredNoteV1.xcdatamodeld in Sources */,
				7692FBC42C19B95E00FD8601 /* NotesMainViewModel.swift in Sources */,
				7692FBCF2C1A931600FD8601 /* NoteDetailUIView.swift in Sources */,
				7692FBC32C19B95E00FD8601 /* NoteDetailViewModel.swift in Sources */,
				7692FBD92C1C4C6600FD8601 /* NotesCoordinator.swift in Sources */,
				7692FBC72C19BC0100FD8601 /* Note.swift in Sources */,
				7692FB822C18B4DC00FD8601 /* SecuredNotesApp.swift in Sources */,
				7692FBD42C1A933E00FD8601 /* BioMetricSecurityUIView.swift in Sources */,
				7692FBC22C19B95E00FD8601 /* BioMetricSecurityViewModel.swift in Sources */,
			);
			runOnlyForDeploymentPostprocessing = 0;
		};
		7692FB8F2C18B4DE00FD8601 /* Sources */ = {
			isa = PBXSourcesBuildPhase;
			buildActionMask = 2147483647;
			files = (
				7692FB982C18B4DE00FD8601 /* SecuredNoteTests.swift in Sources */,
			);
			runOnlyForDeploymentPostprocessing = 0;
		};
		7692FB992C18B4DE00FD8601 /* Sources */ = {
			isa = PBXSourcesBuildPhase;
			buildActionMask = 2147483647;
			files = (
				7692FBA42C18B4DE00FD8601 /* SecuredNoteUITestsLaunchTests.swift in Sources */,
				7692FBA22C18B4DE00FD8601 /* SecuredNoteUITests.swift in Sources */,
			);
			runOnlyForDeploymentPostprocessing = 0;
		};
/* End PBXSourcesBuildPhase section */

/* Begin PBXTargetDependency section */
		7692FB952C18B4DE00FD8601 /* PBXTargetDependency */ = {
			isa = PBXTargetDependency;
			target = 7692FB7D2C18B4DC00FD8601 /* SecuredNotes */;
			targetProxy = 7692FB942C18B4DE00FD8601 /* PBXContainerItemProxy */;
		};
		7692FB9F2C18B4DE00FD8601 /* PBXTargetDependency */ = {
			isa = PBXTargetDependency;
			target = 7692FB7D2C18B4DC00FD8601 /* SecuredNotes */;
			targetProxy = 7692FB9E2C18B4DE00FD8601 /* PBXContainerItemProxy */;
		};
/* End PBXTargetDependency section */

/* Begin XCBuildConfiguration section */
		7692FBA52C18B4DE00FD8601 /* Debug */ = {
			isa = XCBuildConfiguration;
			buildSettings = {
				ALWAYS_SEARCH_USER_PATHS = NO;
				ASSETCATALOG_COMPILER_GENERATE_SWIFT_ASSET_SYMBOL_EXTENSIONS = YES;
				CLANG_ANALYZER_NONNULL = YES;
				CLANG_ANALYZER_NUMBER_OBJECT_CONVERSION = YES_AGGRESSIVE;
				CLANG_CXX_LANGUAGE_STANDARD = "gnu++20";
				CLANG_ENABLE_MODULES = YES;
				CLANG_ENABLE_OBJC_ARC = YES;
				CLANG_ENABLE_OBJC_WEAK = YES;
				CLANG_WARN_BLOCK_CAPTURE_AUTORELEASING = YES;
				CLANG_WARN_BOOL_CONVERSION = YES;
				CLANG_WARN_COMMA = YES;
				CLANG_WARN_CONSTANT_CONVERSION = YES;
				CLANG_WARN_DEPRECATED_OBJC_IMPLEMENTATIONS = YES;
				CLANG_WARN_DIRECT_OBJC_ISA_USAGE = YES_ERROR;
				CLANG_WARN_DOCUMENTATION_COMMENTS = YES;
				CLANG_WARN_EMPTY_BODY = YES;
				CLANG_WARN_ENUM_CONVERSION = YES;
				CLANG_WARN_INFINITE_RECURSION = YES;
				CLANG_WARN_INT_CONVERSION = YES;
				CLANG_WARN_NON_LITERAL_NULL_CONVERSION = YES;
				CLANG_WARN_OBJC_IMPLICIT_RETAIN_SELF = YES;
				CLANG_WARN_OBJC_LITERAL_CONVERSION = YES;
				CLANG_WARN_OBJC_ROOT_CLASS = YES_ERROR;
				CLANG_WARN_QUOTED_INCLUDE_IN_FRAMEWORK_HEADER = YES;
				CLANG_WARN_RANGE_LOOP_ANALYSIS = YES;
				CLANG_WARN_STRICT_PROTOTYPES = YES;
				CLANG_WARN_SUSPICIOUS_MOVE = YES;
				CLANG_WARN_UNGUARDED_AVAILABILITY = YES_AGGRESSIVE;
				CLANG_WARN_UNREACHABLE_CODE = YES;
				CLANG_WARN__DUPLICATE_METHOD_MATCH = YES;
				COPY_PHASE_STRIP = NO;
				DEBUG_INFORMATION_FORMAT = dwarf;
				ENABLE_STRICT_OBJC_MSGSEND = YES;
				ENABLE_TESTABILITY = YES;
				ENABLE_USER_SCRIPT_SANDBOXING = YES;
				GCC_C_LANGUAGE_STANDARD = gnu17;
				GCC_DYNAMIC_NO_PIC = NO;
				GCC_NO_COMMON_BLOCKS = YES;
				GCC_OPTIMIZATION_LEVEL = 0;
				GCC_PREPROCESSOR_DEFINITIONS = (
					"DEBUG=1",
					"$(inherited)",
				);
				GCC_WARN_64_TO_32_BIT_CONVERSION = YES;
				GCC_WARN_ABOUT_RETURN_TYPE = YES_ERROR;
				GCC_WARN_UNDECLARED_SELECTOR = YES;
				GCC_WARN_UNINITIALIZED_AUTOS = YES_AGGRESSIVE;
				GCC_WARN_UNUSED_FUNCTION = YES;
				GCC_WARN_UNUSED_VARIABLE = YES;
				IPHONEOS_DEPLOYMENT_TARGET = 17.4;
				LOCALIZATION_PREFERS_STRING_CATALOGS = YES;
				MTL_ENABLE_DEBUG_INFO = INCLUDE_SOURCE;
				MTL_FAST_MATH = YES;
				ONLY_ACTIVE_ARCH = YES;
				SDKROOT = iphoneos;
				SWIFT_ACTIVE_COMPILATION_CONDITIONS = "DEBUG $(inherited)";
				SWIFT_OPTIMIZATION_LEVEL = "-Onone";
			};
			name = Debug;
		};
		7692FBA62C18B4DE00FD8601 /* Release */ = {
			isa = XCBuildConfiguration;
			buildSettings = {
				ALWAYS_SEARCH_USER_PATHS = NO;
				ASSETCATALOG_COMPILER_GENERATE_SWIFT_ASSET_SYMBOL_EXTENSIONS = YES;
				CLANG_ANALYZER_NONNULL = YES;
				CLANG_ANALYZER_NUMBER_OBJECT_CONVERSION = YES_AGGRESSIVE;
				CLANG_CXX_LANGUAGE_STANDARD = "gnu++20";
				CLANG_ENABLE_MODULES = YES;
				CLANG_ENABLE_OBJC_ARC = YES;
				CLANG_ENABLE_OBJC_WEAK = YES;
				CLANG_WARN_BLOCK_CAPTURE_AUTORELEASING = YES;
				CLANG_WARN_BOOL_CONVERSION = YES;
				CLANG_WARN_COMMA = YES;
				CLANG_WARN_CONSTANT_CONVERSION = YES;
				CLANG_WARN_DEPRECATED_OBJC_IMPLEMENTATIONS = YES;
				CLANG_WARN_DIRECT_OBJC_ISA_USAGE = YES_ERROR;
				CLANG_WARN_DOCUMENTATION_COMMENTS = YES;
				CLANG_WARN_EMPTY_BODY = YES;
				CLANG_WARN_ENUM_CONVERSION = YES;
				CLANG_WARN_INFINITE_RECURSION = YES;
				CLANG_WARN_INT_CONVERSION = YES;
				CLANG_WARN_NON_LITERAL_NULL_CONVERSION = YES;
				CLANG_WARN_OBJC_IMPLICIT_RETAIN_SELF = YES;
				CLANG_WARN_OBJC_LITERAL_CONVERSION = YES;
				CLANG_WARN_OBJC_ROOT_CLASS = YES_ERROR;
				CLANG_WARN_QUOTED_INCLUDE_IN_FRAMEWORK_HEADER = YES;
				CLANG_WARN_RANGE_LOOP_ANALYSIS = YES;
				CLANG_WARN_STRICT_PROTOTYPES = YES;
				CLANG_WARN_SUSPICIOUS_MOVE = YES;
				CLANG_WARN_UNGUARDED_AVAILABILITY = YES_AGGRESSIVE;
				CLANG_WARN_UNREACHABLE_CODE = YES;
				CLANG_WARN__DUPLICATE_METHOD_MATCH = YES;
				COPY_PHASE_STRIP = NO;
				DEBUG_INFORMATION_FORMAT = "dwarf-with-dsym";
				ENABLE_NS_ASSERTIONS = NO;
				ENABLE_STRICT_OBJC_MSGSEND = YES;
				ENABLE_USER_SCRIPT_SANDBOXING = YES;
				GCC_C_LANGUAGE_STANDARD = gnu17;
				GCC_NO_COMMON_BLOCKS = YES;
				GCC_WARN_64_TO_32_BIT_CONVERSION = YES;
				GCC_WARN_ABOUT_RETURN_TYPE = YES_ERROR;
				GCC_WARN_UNDECLARED_SELECTOR = YES;
				GCC_WARN_UNINITIALIZED_AUTOS = YES_AGGRESSIVE;
				GCC_WARN_UNUSED_FUNCTION = YES;
				GCC_WARN_UNUSED_VARIABLE = YES;
				IPHONEOS_DEPLOYMENT_TARGET = 17.4;
				LOCALIZATION_PREFERS_STRING_CATALOGS = YES;
				MTL_ENABLE_DEBUG_INFO = NO;
				MTL_FAST_MATH = YES;
				SDKROOT = iphoneos;
				SWIFT_COMPILATION_MODE = wholemodule;
				VALIDATE_PRODUCT = YES;
			};
			name = Release;
		};
		7692FBA82C18B4DE00FD8601 /* Debug */ = {
			isa = XCBuildConfiguration;
			buildSettings = {
				ASSETCATALOG_COMPILER_APPICON_NAME = AppIcon;
				ASSETCATALOG_COMPILER_GLOBAL_ACCENT_COLOR_NAME = AccentColor;
				CODE_SIGN_STYLE = Automatic;
				CURRENT_PROJECT_VERSION = 1;
				DEVELOPMENT_ASSET_PATHS = "\"SecuredNote/Preview Content\"";
				ENABLE_PREVIEWS = YES;
				GENERATE_INFOPLIST_FILE = YES;
				INFOPLIST_KEY_NSFaceIDUsageDescription = "$(PRODUCT_NAME) Authentication with TouchId or FaceID";
				INFOPLIST_KEY_UIApplicationSceneManifest_Generation = YES;
				INFOPLIST_KEY_UIApplicationSupportsIndirectInputEvents = YES;
				INFOPLIST_KEY_UILaunchScreen_Generation = YES;
				INFOPLIST_KEY_UISupportedInterfaceOrientations_iPad = "UIInterfaceOrientationPortrait UIInterfaceOrientationPortraitUpsideDown UIInterfaceOrientationLandscapeLeft UIInterfaceOrientationLandscapeRight";
				INFOPLIST_KEY_UISupportedInterfaceOrientations_iPhone = "UIInterfaceOrientationPortrait UIInterfaceOrientationLandscapeLeft UIInterfaceOrientationLandscapeRight";
				LD_RUNPATH_SEARCH_PATHS = (
					"$(inherited)",
					"@executable_path/Frameworks",
				);
				MARKETING_VERSION = 1.0;
				PRODUCT_BUNDLE_IDENTIFIER = com.chandra.tsb.SecuredNote;
				PRODUCT_NAME = "$(TARGET_NAME)";
				SWIFT_EMIT_LOC_STRINGS = YES;
				SWIFT_VERSION = 5.0;
				TARGETED_DEVICE_FAMILY = "1,2";
			};
			name = Debug;
		};
		7692FBA92C18B4DE00FD8601 /* Release */ = {
			isa = XCBuildConfiguration;
			buildSettings = {
				ASSETCATALOG_COMPILER_APPICON_NAME = AppIcon;
				ASSETCATALOG_COMPILER_GLOBAL_ACCENT_COLOR_NAME = AccentColor;
				CODE_SIGN_STYLE = Automatic;
				CURRENT_PROJECT_VERSION = 1;
				DEVELOPMENT_ASSET_PATHS = "\"SecuredNote/Preview Content\"";
				ENABLE_PREVIEWS = YES;
				GENERATE_INFOPLIST_FILE = YES;
				INFOPLIST_KEY_NSFaceIDUsageDescription = "$(PRODUCT_NAME) Authentication with TouchId or FaceID";
				INFOPLIST_KEY_UIApplicationSceneManifest_Generation = YES;
				INFOPLIST_KEY_UIApplicationSupportsIndirectInputEvents = YES;
				INFOPLIST_KEY_UILaunchScreen_Generation = YES;
				INFOPLIST_KEY_UISupportedInterfaceOrientations_iPad = "UIInterfaceOrientationPortrait UIInterfaceOrientationPortraitUpsideDown UIInterfaceOrientationLandscapeLeft UIInterfaceOrientationLandscapeRight";
				INFOPLIST_KEY_UISupportedInterfaceOrientations_iPhone = "UIInterfaceOrientationPortrait UIInterfaceOrientationLandscapeLeft UIInterfaceOrientationLandscapeRight";
				LD_RUNPATH_SEARCH_PATHS = (
					"$(inherited)",
					"@executable_path/Frameworks",
				);
				MARKETING_VERSION = 1.0;
				PRODUCT_BUNDLE_IDENTIFIER = com.chandra.tsb.SecuredNote;
				PRODUCT_NAME = "$(TARGET_NAME)";
				SWIFT_EMIT_LOC_STRINGS = YES;
				SWIFT_VERSION = 5.0;
				TARGETED_DEVICE_FAMILY = "1,2";
			};
			name = Release;
		};
		7692FBAB2C18B4DE00FD8601 /* Debug */ = {
			isa = XCBuildConfiguration;
			buildSettings = {
				ALWAYS_EMBED_SWIFT_STANDARD_LIBRARIES = YES;
				BUNDLE_LOADER = "$(TEST_HOST)";
				CODE_SIGN_STYLE = Automatic;
				CURRENT_PROJECT_VERSION = 1;
				GENERATE_INFOPLIST_FILE = YES;
				IPHONEOS_DEPLOYMENT_TARGET = 17.4;
				MARKETING_VERSION = 1.0;
				PRODUCT_BUNDLE_IDENTIFIER = com.chandra.tsb.SecuredNoteTests;
				PRODUCT_NAME = "$(TARGET_NAME)";
				SWIFT_EMIT_LOC_STRINGS = NO;
				SWIFT_VERSION = 5.0;
				TARGETED_DEVICE_FAMILY = "1,2";
				TEST_HOST = "$(BUILT_PRODUCTS_DIR)/SecuredNotes.app/$(BUNDLE_EXECUTABLE_FOLDER_PATH)/SecuredNotes";
			};
			name = Debug;
		};
		7692FBAC2C18B4DE00FD8601 /* Release */ = {
			isa = XCBuildConfiguration;
			buildSettings = {
				ALWAYS_EMBED_SWIFT_STANDARD_LIBRARIES = YES;
				BUNDLE_LOADER = "$(TEST_HOST)";
				CODE_SIGN_STYLE = Automatic;
				CURRENT_PROJECT_VERSION = 1;
				GENERATE_INFOPLIST_FILE = YES;
				IPHONEOS_DEPLOYMENT_TARGET = 17.4;
				MARKETING_VERSION = 1.0;
				PRODUCT_BUNDLE_IDENTIFIER = com.chandra.tsb.SecuredNoteTests;
				PRODUCT_NAME = "$(TARGET_NAME)";
				SWIFT_EMIT_LOC_STRINGS = NO;
				SWIFT_VERSION = 5.0;
				TARGETED_DEVICE_FAMILY = "1,2";
				TEST_HOST = "$(BUILT_PRODUCTS_DIR)/SecuredNotes.app/$(BUNDLE_EXECUTABLE_FOLDER_PATH)/SecuredNotes";
			};
			name = Release;
		};
		7692FBAE2C18B4DE00FD8601 /* Debug */ = {
			isa = XCBuildConfiguration;
			buildSettings = {
				ALWAYS_EMBED_SWIFT_STANDARD_LIBRARIES = YES;
				CODE_SIGN_STYLE = Automatic;
				CURRENT_PROJECT_VERSION = 1;
				GENERATE_INFOPLIST_FILE = YES;
				MARKETING_VERSION = 1.0;
				PRODUCT_BUNDLE_IDENTIFIER = com.chandra.tsb.SecuredNoteUITests;
				PRODUCT_NAME = "$(TARGET_NAME)";
				SWIFT_EMIT_LOC_STRINGS = NO;
				SWIFT_VERSION = 5.0;
				TARGETED_DEVICE_FAMILY = "1,2";
				TEST_TARGET_NAME = SecuredNote;
			};
			name = Debug;
		};
		7692FBAF2C18B4DE00FD8601 /* Release */ = {
			isa = XCBuildConfiguration;
			buildSettings = {
				ALWAYS_EMBED_SWIFT_STANDARD_LIBRARIES = YES;
				CODE_SIGN_STYLE = Automatic;
				CURRENT_PROJECT_VERSION = 1;
				GENERATE_INFOPLIST_FILE = YES;
				MARKETING_VERSION = 1.0;
				PRODUCT_BUNDLE_IDENTIFIER = com.chandra.tsb.SecuredNoteUITests;
				PRODUCT_NAME = "$(TARGET_NAME)";
				SWIFT_EMIT_LOC_STRINGS = NO;
				SWIFT_VERSION = 5.0;
				TARGETED_DEVICE_FAMILY = "1,2";
				TEST_TARGET_NAME = SecuredNote;
			};
			name = Release;
		};
/* End XCBuildConfiguration section */

/* Begin XCConfigurationList section */
		7692FB792C18B4DC00FD8601 /* Build configuration list for PBXProject "SecuredNote" */ = {
			isa = XCConfigurationList;
			buildConfigurations = (
				7692FBA52C18B4DE00FD8601 /* Debug */,
				7692FBA62C18B4DE00FD8601 /* Release */,
			);
			defaultConfigurationIsVisible = 0;
			defaultConfigurationName = Release;
		};
		7692FBA72C18B4DE00FD8601 /* Build configuration list for PBXNativeTarget "SecuredNotes" */ = {
			isa = XCConfigurationList;
			buildConfigurations = (
				7692FBA82C18B4DE00FD8601 /* Debug */,
				7692FBA92C18B4DE00FD8601 /* Release */,
			);
			defaultConfigurationIsVisible = 0;
			defaultConfigurationName = Release;
		};
		7692FBAA2C18B4DE00FD8601 /* Build configuration list for PBXNativeTarget "SecuredNotesTests" */ = {
			isa = XCConfigurationList;
			buildConfigurations = (
				7692FBAB2C18B4DE00FD8601 /* Debug */,
				7692FBAC2C18B4DE00FD8601 /* Release */,
			);
			defaultConfigurationIsVisible = 0;
			defaultConfigurationName = Release;
		};
		7692FBAD2C18B4DE00FD8601 /* Build configuration list for PBXNativeTarget "SecuredNotesUITests" */ = {
			isa = XCConfigurationList;
			buildConfigurations = (
				7692FBAE2C18B4DE00FD8601 /* Debug */,
				7692FBAF2C18B4DE00FD8601 /* Release */,
			);
			defaultConfigurationIsVisible = 0;
			defaultConfigurationName = Release;
		};
/* End XCConfigurationList section */

/* Begin XCVersionGroup section */
		7692FB8C2C18B4DE00FD8601 /* SecuredNoteV1.xcdatamodeld */ = {
			isa = XCVersionGroup;
			children = (
				7692FB8D2C18B4DE00FD8601 /* SecuredNote.xcdatamodel */,
			);
			currentVersion = 7692FB8D2C18B4DE00FD8601 /* SecuredNote.xcdatamodel */;
			path = SecuredNoteV1.xcdatamodeld;
			sourceTree = "<group>";
			versionGroupType = wrapper.xcdatamodel;
		};
/* End XCVersionGroup section */
	};
	rootObject = 7692FB762C18B4DC00FD8601 /* Project object */;
}
